{
  "lockfileVersion": 1,
  "workspaces": {
    "": {
      "name": "fly-workflow-orchestrator",
      "dependencies": {
        "@ai-sdk/openai": "^2.0.0-alpha.15",
        "@hono/node-server": "^1.14.4",
        "@hono/zod-validator": "^0.7.0",
        "@t3-oss/env-core": "^0.13.8",
        "ai": "^5.0.0-alpha.15",
        "dotenv": "^16.5.0",
        "hono": "^4.8.2",
        "nanoid": "^5.1.5",
        "neverthrow": "^8.2.0",
        "pino": "^9.7.0",
        "pino-pretty": "^13.0.0",
        "zod": "^3.25.67",
      },
      "devDependencies": {
        "@biomejs/biome": "^2.0.4",
        "@types/bun": "^1.2.17",
        "@types/node": "^24.0.3",
        "typescript": "^5.8.3",
      },
    },
  },
  "packages": {
    "@ai-sdk/gateway": ["@ai-sdk/gateway@1.0.0-alpha.15", "", { "dependencies": { "@ai-sdk/provider": "2.0.0-alpha.15", "@ai-sdk/provider-utils": "3.0.0-alpha.15" }, "peerDependencies": { "zod": "^3.25.49" } }, "sha512-3j1wn7pZdXLKDwEwHJu1SIdj89Fv7qDy1jISLbog+soXz3BqHEViQCqZ62wOXGkcCMZ7QZFbcvoZ5jNaec0y3A=="],

    "@ai-sdk/openai": ["@ai-sdk/openai@2.0.0-alpha.15", "", { "dependencies": { "@ai-sdk/provider": "2.0.0-alpha.15", "@ai-sdk/provider-utils": "3.0.0-alpha.15" }, "peerDependencies": { "zod": "^3.25.49" } }, "sha512-AlJQ6kzS6ZM6O8yDjflRj7LcAwKVUm9I/4Zq9Bqtpg6zD7f8dVY2UaZXQCq6X+GbrJtCnJcxqdU9fOuP2Lj3jg=="],

    "@ai-sdk/provider": ["@ai-sdk/provider@2.0.0-alpha.15", "", { "dependencies": { "json-schema": "^0.4.0" } }, "sha512-LGy7lwIi2SiUojBl6cmnm+/QPOXbmPaegHeviEbrmN0yg/3EBGH5tzBXHgoGwpMUG5OfGFWj4kBRk1Z9VegLpg=="],

    "@ai-sdk/provider-utils": ["@ai-sdk/provider-utils@3.0.0-alpha.15", "", { "dependencies": { "@ai-sdk/provider": "2.0.0-alpha.15", "@standard-schema/spec": "^1.0.0", "eventsource-parser": "^3.0.2", "zod-to-json-schema": "^3.24.1" }, "peerDependencies": { "zod": "^3.25.49" } }, "sha512-eYKNuMTtJ8/coTnCOBgZBuw20yzuc14idZuKmShLmfilIQP1fCeFfrItXDvOhJTmhDw9/RH+AYlhc9aaJUeQ6g=="],

    "@biomejs/biome": ["@biomejs/biome@2.0.4", "", { "optionalDependencies": { "@biomejs/cli-darwin-arm64": "2.0.4", "@biomejs/cli-darwin-x64": "2.0.4", "@biomejs/cli-linux-arm64": "2.0.4", "@biomejs/cli-linux-arm64-musl": "2.0.4", "@biomejs/cli-linux-x64": "2.0.4", "@biomejs/cli-linux-x64-musl": "2.0.4", "@biomejs/cli-win32-arm64": "2.0.4", "@biomejs/cli-win32-x64": "2.0.4" }, "bin": { "biome": "bin/biome" } }, "sha512-DNA++xe+E7UugTvI/HhzSFl6OwrVgU8SIV0Mb2fPtWPk2/oTr4eOSA5xy1JECrvgJeYxurmUBOS49qxv/OUkrQ=="],

    "@biomejs/cli-darwin-arm64": ["@biomejs/cli-darwin-arm64@2.0.4", "", { "os": "darwin", "cpu": "arm64" }, "sha512-r5McIUMMiedwJ2rltuXhj0+w0W7IJLpkOS+OGCVZQQOOcrGY9gUSUmOo7O6Z7P0vlv5YYZkPbi+qR9MDDWRBSw=="],

    "@biomejs/cli-darwin-x64": ["@biomejs/cli-darwin-x64@2.0.4", "", { "os": "darwin", "cpu": "x64" }, "sha512-aV5Zc/3E3aXFbrjK1IgCMEQc+6PCkBL+NS+vtjoNM2VPFeM5OL5Q82BI4YZyPnebj+k42BPIoYtz0jJ95PGRRg=="],

    "@biomejs/cli-linux-arm64": ["@biomejs/cli-linux-arm64@2.0.4", "", { "os": "linux", "cpu": "arm64" }, "sha512-nlJhf7DyuajMj+S7Ygum59cbrHvI/nSRvedfJcEIx4X7SsiZjpRUiC5XtEn77kg7NIKq/KqG5roQIHkmjuFHCw=="],

    "@biomejs/cli-linux-arm64-musl": ["@biomejs/cli-linux-arm64-musl@2.0.4", "", { "os": "linux", "cpu": "arm64" }, "sha512-cNukq2PthoOa7quqaKoEFz4Zd1pDPJGfTR5jVyk9Z9iFHEm6TI7+7eeIs3aYcEuuJPNFR9xhJ4Uj3E2iUWkV3A=="],

    "@biomejs/cli-linux-x64": ["@biomejs/cli-linux-x64@2.0.4", "", { "os": "linux", "cpu": "x64" }, "sha512-jlzrNZ+OzN9wvp2RL3cl5Y4NiV7xSU+QV5A8bWXke1on3jKy7QbXajybSjVQ6aFw1gdrqkO/W8xV5HODhIMT4g=="],

    "@biomejs/cli-linux-x64-musl": ["@biomejs/cli-linux-x64-musl@2.0.4", "", { "os": "linux", "cpu": "x64" }, "sha512-oWQALSbp8xF0t/wiHU2zdkZOpIHyaI9QxQv0Ytty9GAKsCGP6pczp8qyKD/P49iGJdDozHp5KiuQPxs33APhyA=="],

    "@biomejs/cli-win32-arm64": ["@biomejs/cli-win32-arm64@2.0.4", "", { "os": "win32", "cpu": "arm64" }, "sha512-/PbNhMJo9ONja7hOxLlifM/qgeHpRD9bF2flTz5KIrXnQqpuegaRuwP/HYdJ9TFkTKFjHkPLoE4onOz3HIT5CQ=="],

    "@biomejs/cli-win32-x64": ["@biomejs/cli-win32-x64@2.0.4", "", { "os": "win32", "cpu": "x64" }, "sha512-dIM4SgO4/Rmsb4X7fwKtciQ682SZDSC1lm42uSM9gt8zNqBIeTaqsMc6eO1DpxYWMlAb/n2SML9+HUHmCib7NA=="],

    "@hono/node-server": ["@hono/node-server@1.14.4", "", { "peerDependencies": { "hono": "^4" } }, "sha512-DnxpshhYewr2q9ZN8ez/M5mmc3sucr8CT1sIgIy1bkeUXut9XWDkqHoFHRhWIQgkYnKpVRxunyhK7WzpJeJ6qQ=="],

    "@hono/zod-validator": ["@hono/zod-validator@0.7.0", "", { "peerDependencies": { "hono": ">=3.9.0", "zod": "^3.25.0" } }, "sha512-qe2ZE6sHFE98dcUrbYMtS3bAV8hqcCOflykvZga2S7XhmNSZzT+dIz4OuMILsjLHkJw9JMn912/dB7dQOmuPvg=="],

    "@opentelemetry/api": ["@opentelemetry/api@1.9.0", "", {}, "sha512-3giAOQvZiH5F9bMlMiv8+GSPMeqg0dbaeo58/0SlA9sxSqZhnUtxzX9/2FzyhS9sWQf5S0GJE0AKBrFqjpeYcg=="],

    "@rollup/rollup-linux-x64-gnu": ["@rollup/rollup-linux-x64-gnu@4.43.0", "", { "os": "linux", "cpu": "x64" }, "sha512-jAHr/S0iiBtFyzjhOkAics/2SrXE092qyqEg96e90L3t9Op8OTzS6+IX0Fy5wCt2+KqeHAkti+eitV0wvblEoQ=="],

    "@standard-schema/spec": ["@standard-schema/spec@1.0.0", "", {}, "sha512-m2bOd0f2RT9k8QJx1JN85cZYyH1RqFBdlwtkSlf4tBDYLCiiZnv1fIIwacK6cqwXavOydf0NPToMQgpKq+dVlA=="],

    "@t3-oss/env-core": ["@t3-oss/env-core@0.13.8", "", { "peerDependencies": { "arktype": "^2.1.0", "typescript": ">=5.0.0", "valibot": "^1.0.0-beta.7 || ^1.0.0", "zod": "^3.24.0 || ^4.0.0-beta.0" }, "optionalPeers": ["arktype", "typescript", "valibot", "zod"] }, "sha512-L1inmpzLQyYu4+Q1DyrXsGJYCXbtXjC4cICw1uAKv0ppYPQv656lhZPU91Qd1VS6SO/bou1/q5ufVzBGbNsUpw=="],

    "@types/bun": ["@types/bun@1.2.17", "", { "dependencies": { "bun-types": "1.2.17" } }, "sha512-l/BYs/JYt+cXA/0+wUhulYJB6a6p//GTPiJ7nV+QHa8iiId4HZmnu/3J/SowP5g0rTiERY2kfGKXEK5Ehltx4Q=="],

    "@types/node": ["@types/node@24.0.3", "", { "dependencies": { "undici-types": "~7.8.0" } }, "sha512-R4I/kzCYAdRLzfiCabn9hxWfbuHS573x+r0dJMkkzThEa7pbrcDWK+9zu3e7aBOouf+rQAciqPFMnxwr0aWgKg=="],

    "ai": ["ai@5.0.0-alpha.15", "", { "dependencies": { "@ai-sdk/gateway": "1.0.0-alpha.15", "@ai-sdk/provider": "2.0.0-alpha.15", "@ai-sdk/provider-utils": "3.0.0-alpha.15", "@opentelemetry/api": "1.9.0" }, "peerDependencies": { "zod": "^3.25.49" } }, "sha512-4i4HFwYY32LzTjy6eWZuFHv9jTwbK3UKC5MRXikR3KzeA9w4RuLdfCTXmCwfluWqGbOJ9bz2CsSPt6FN8S5qkg=="],

    "atomic-sleep": ["atomic-sleep@1.0.0", "", {}, "sha512-kNOjDqAh7px0XWNI+4QbzoiR/nTkHAWNud2uvnJquD1/x5a7EQZMJT0AczqK0Qn67oY/TTQ1LbUKajZpp3I9tQ=="],

    "bun-types": ["bun-types@1.2.17", "", { "dependencies": { "@types/node": "*" } }, "sha512-ElC7ItwT3SCQwYZDYoAH+q6KT4Fxjl8DtZ6qDulUFBmXA8YB4xo+l54J9ZJN+k2pphfn9vk7kfubeSd5QfTVJQ=="],

    "colorette": ["colorette@2.0.20", "", {}, "sha512-IfEDxwoWIjkeXL1eXcDiow4UbKjhLdq6/EuSVR9GMN7KVH3r9gQ83e73hsz1Nd1T3ijd5xv1wcWRYO+D6kCI2w=="],

    "dateformat": ["dateformat@4.6.3", "", {}, "sha512-2P0p0pFGzHS5EMnhdxQi7aJN+iMheud0UhG4dlE1DLAlvL8JHjJJTX/CSm4JXwV0Ka5nGk3zC5mcb5bUQUxxMA=="],

    "dotenv": ["dotenv@16.5.0", "", {}, "sha512-m/C+AwOAr9/W1UOIZUo232ejMNnJAJtYQjUbHoNTBNTJSvqzzDh7vnrei3o3r3m9blf6ZoDkvcw0VmozNRFJxg=="],

    "end-of-stream": ["end-of-stream@1.4.4", "", { "dependencies": { "once": "^1.4.0" } }, "sha512-+uw1inIHVPQoaVuHzRyXd21icM+cnt4CzD5rW+NC1wjOUSTOs+Te7FOv7AhN7vS9x/oIyhLP5PR1H+phQAHu5Q=="],

    "eventsource-parser": ["eventsource-parser@3.0.2", "", {}, "sha512-6RxOBZ/cYgd8usLwsEl+EC09Au/9BcmCKYF2/xbml6DNczf7nv0MQb+7BA2F+li6//I+28VNlQR37XfQtcAJuA=="],

    "fast-copy": ["fast-copy@3.0.2", "", {}, "sha512-dl0O9Vhju8IrcLndv2eU4ldt1ftXMqqfgN4H1cpmGV7P6jeB9FwpN9a2c8DPGE1Ys88rNUJVYDHq73CGAGOPfQ=="],

    "fast-redact": ["fast-redact@3.5.0", "", {}, "sha512-dwsoQlS7h9hMeYUq1W++23NDcBLV4KqONnITDV9DjfS3q1SgDGVrBdvvTLUotWtPSD7asWDV9/CmsZPy8Hf70A=="],

    "fast-safe-stringify": ["fast-safe-stringify@2.1.1", "", {}, "sha512-W+KJc2dmILlPplD/H4K9l9LcAHAfPtP6BY84uVLXQ6Evcz9Lcg33Y2z1IVblT6xdY54PXYVHEv+0Wpq8Io6zkA=="],

    "help-me": ["help-me@5.0.0", "", {}, "sha512-7xgomUX6ADmcYzFik0HzAxh/73YlKR9bmFzf51CZwR+b6YtzU2m0u49hQCqV6SvlqIqsaxovfwdvbnsw3b/zpg=="],

    "hono": ["hono@4.8.2", "", {}, "sha512-hM+1RIn9PK1I6SiTNS6/y7O1mvg88awYLFEuEtoiMtRyT3SD2iu9pSFgbBXT3b1Ua4IwzvSTLvwO0SEhDxCi4w=="],

    "joycon": ["joycon@3.1.1", "", {}, "sha512-34wB/Y7MW7bzjKRjUKTa46I2Z7eV62Rkhva+KkopW7Qvv/OSWBqvkSY7vusOPrNuZcUG3tApvdVgNB8POj3SPw=="],

    "json-schema": ["json-schema@0.4.0", "", {}, "sha512-es94M3nTIfsEPisRafak+HDLfHXnKBhV3vU5eqPcS3flIWqcxJWgXHXiey3YrpaNsanY5ei1VoYEbOzijuq9BA=="],

    "minimist": ["minimist@1.2.8", "", {}, "sha512-2yyAR8qBkN3YuheJanUpWC5U3bb5osDywNB8RzDVlDwDHbocAJveqqj1u8+SVD7jkWT4yvsHCpWqqWqAxb0zCA=="],

    "nanoid": ["nanoid@5.1.5", "", { "bin": { "nanoid": "bin/nanoid.js" } }, "sha512-Ir/+ZpE9fDsNH0hQ3C68uyThDXzYcim2EqcZ8zn8Chtt1iylPT9xXJB0kPCnqzgcEGikO9RxSrh63MsmVCU7Fw=="],

    "neverthrow": ["neverthrow@8.2.0", "", { "optionalDependencies": { "@rollup/rollup-linux-x64-gnu": "^4.24.0" } }, "sha512-kOCT/1MCPAxY5iUV3wytNFUMUolzuwd/VF/1KCx7kf6CutrOsTie+84zTGTpgQycjvfLdBBdvBvFLqFD2c0wkQ=="],

    "on-exit-leak-free": ["on-exit-leak-free@2.1.2", "", {}, "sha512-0eJJY6hXLGf1udHwfNftBqH+g73EU4B504nZeKpz1sYRKafAghwxEJunB2O7rDZkL4PGfsMVnTXZ2EjibbqcsA=="],

    "once": ["once@1.4.0", "", { "dependencies": { "wrappy": "1" } }, "sha512-lNaJgI+2Q5URQBkccEKHTQOPaXdUxnZZElQTZY0MFUAuaEqe1E+Nyvgdz/aIyNi6Z9MzO5dv1H8n58/GELp3+w=="],

    "pino": ["pino@9.7.0", "", { "dependencies": { "atomic-sleep": "^1.0.0", "fast-redact": "^3.1.1", "on-exit-leak-free": "^2.1.0", "pino-abstract-transport": "^2.0.0", "pino-std-serializers": "^7.0.0", "process-warning": "^5.0.0", "quick-format-unescaped": "^4.0.3", "real-require": "^0.2.0", "safe-stable-stringify": "^2.3.1", "sonic-boom": "^4.0.1", "thread-stream": "^3.0.0" }, "bin": { "pino": "bin.js" } }, "sha512-vnMCM6xZTb1WDmLvtG2lE/2p+t9hDEIvTWJsu6FejkE62vB7gDhvzrpFR4Cw2to+9JNQxVnkAKVPA1KPB98vWg=="],

    "pino-abstract-transport": ["pino-abstract-transport@2.0.0", "", { "dependencies": { "split2": "^4.0.0" } }, "sha512-F63x5tizV6WCh4R6RHyi2Ml+M70DNRXt/+HANowMflpgGFMAym/VKm6G7ZOQRjqN7XbGxK1Lg9t6ZrtzOaivMw=="],

    "pino-pretty": ["pino-pretty@13.0.0", "", { "dependencies": { "colorette": "^2.0.7", "dateformat": "^4.6.3", "fast-copy": "^3.0.2", "fast-safe-stringify": "^2.1.1", "help-me": "^5.0.0", "joycon": "^3.1.1", "minimist": "^1.2.6", "on-exit-leak-free": "^2.1.0", "pino-abstract-transport": "^2.0.0", "pump": "^3.0.0", "secure-json-parse": "^2.4.0", "sonic-boom": "^4.0.1", "strip-json-comments": "^3.1.1" }, "bin": { "pino-pretty": "bin.js" } }, "sha512-cQBBIVG3YajgoUjo1FdKVRX6t9XPxwB9lcNJVD5GCnNM4Y6T12YYx8c6zEejxQsU0wrg9TwmDulcE9LR7qcJqA=="],

    "pino-std-serializers": ["pino-std-serializers@7.0.0", "", {}, "sha512-e906FRY0+tV27iq4juKzSYPbUj2do2X2JX4EzSca1631EB2QJQUqGbDuERal7LCtOpxl6x3+nvo9NPZcmjkiFA=="],

    "process-warning": ["process-warning@5.0.0", "", {}, "sha512-a39t9ApHNx2L4+HBnQKqxxHNs1r7KF+Intd8Q/g1bUh6q0WIp9voPXJ/x0j+ZL45KF1pJd9+q2jLIRMfvEshkA=="],

    "pump": ["pump@3.0.2", "", { "dependencies": { "end-of-stream": "^1.1.0", "once": "^1.3.1" } }, "sha512-tUPXtzlGM8FE3P0ZL6DVs/3P58k9nk8/jZeQCurTJylQA8qFYzHFfhBJkuqyE0FifOsQ0uKWekiZ5g8wtr28cw=="],

    "quick-format-unescaped": ["quick-format-unescaped@4.0.4", "", {}, "sha512-tYC1Q1hgyRuHgloV/YXs2w15unPVh8qfu/qCTfhTYamaw7fyhumKa2yGpdSo87vY32rIclj+4fWYQXUMs9EHvg=="],

    "real-require": ["real-require@0.2.0", "", {}, "sha512-57frrGM/OCTLqLOAh0mhVA9VBMHd+9U7Zb2THMGdBUoZVOtGbJzjxsYGDJ3A9AYYCP4hn6y1TVbaOfzWtm5GFg=="],

    "safe-stable-stringify": ["safe-stable-stringify@2.5.0", "", {}, "sha512-b3rppTKm9T+PsVCBEOUR46GWI7fdOs00VKZ1+9c1EWDaDMvjQc6tUwuFyIprgGgTcWoVHSKrU8H31ZHA2e0RHA=="],

    "secure-json-parse": ["secure-json-parse@2.7.0", "", {}, "sha512-6aU+Rwsezw7VR8/nyvKTx8QpWH9FrcYiXXlqC4z5d5XQBDRqtbfsRjnwGyqbi3gddNtWHuEk9OANUotL26qKUw=="],

    "sonic-boom": ["sonic-boom@4.2.0", "", { "dependencies": { "atomic-sleep": "^1.0.0" } }, "sha512-INb7TM37/mAcsGmc9hyyI6+QR3rR1zVRu36B0NeGXKnOOLiZOfER5SA+N7X7k3yUYRzLWafduTDvJAfDswwEww=="],

    "split2": ["split2@4.2.0", "", {}, "sha512-UcjcJOWknrNkF6PLX83qcHM6KHgVKNkV62Y8a5uYDVv9ydGQVwAHMKqHdJje1VTWpljG0WYpCDhrCdAOYH4TWg=="],

    "strip-json-comments": ["strip-json-comments@3.1.1", "", {}, "sha512-6fPc+R4ihwqP6N/aIv2f1gMH8lOVtWQHoqC4yK6oSDVVocumAsfCqjkXnqiYMhmMwS/mEHLp7Vehlt3ql6lEig=="],

    "thread-stream": ["thread-stream@3.1.0", "", { "dependencies": { "real-require": "^0.2.0" } }, "sha512-OqyPZ9u96VohAyMfJykzmivOrY2wfMSf3C5TtFJVgN+Hm6aj+voFhlK+kZEIv2FBh1X6Xp3DlnCOfEQ3B2J86A=="],

    "typescript": ["typescript@5.8.3", "", { "bin": { "tsc": "bin/tsc", "tsserver": "bin/tsserver" } }, "sha512-p1diW6TqL9L07nNxvRMM7hMMw4c5XOo/1ibL4aAIGmSAt9slTE1Xgw5KWuof2uTOvCg9BY7ZRi+GaF+7sfgPeQ=="],

    "undici-types": ["undici-types@7.8.0", "", {}, "sha512-9UJ2xGDvQ43tYyVMpuHlsgApydB8ZKfVYTsLDhXkFL/6gfkp+U8xTGdh8pMJv1SpZna0zxG1DwsKZsreLbXBxw=="],

    "wrappy": ["wrappy@1.0.2", "", {}, "sha512-l4Sp/DRseor9wL6EvV2+TuQn63dMkPjZ/sp9XkghTEbV9KlPS1xUsZ3u7/IQO4wxtcFB4bgpQPRcR3QCvezPcQ=="],

    "zod": ["zod@3.25.67", "", {}, "sha512-idA2YXwpCdqUSKRCACDE6ItZD9TZzy3OZMtpfLoh6oPR47lipysRrJfjzMqFxQ3uJuUPyUeWe1r9vLH33xO/Qw=="],

    "zod-to-json-schema": ["zod-to-json-schema@3.24.5", "", { "peerDependencies": { "zod": "^3.24.1" } }, "sha512-/AuWwMP+YqiPbsJx5D6TfgRTc4kTLjsh5SOcd4bLsfUg2RcEXrFMJl1DGgdHy2aCfsIA/cr/1JM0xcB2GZji8g=="],
  }
}
